// !$*UTF8*$!
{
	archiveVersion = 1;
	classes = {
	};
	objectVersion = 55;
	objects = {

/* Begin PBXBuildFile section */
		5FFABFAA276607AC002DCC2F /* AppDelegate.swift in Sources */ = {isa = PBXBuildFile; fileRef = 5FFABFA9276607AC002DCC2F /* AppDelegate.swift */; };
		5FFABFAC276607AC002DCC2F /* SceneDelegate.swift in Sources */ = {isa = PBXBuildFile; fileRef = 5FFABFAB276607AC002DCC2F /* SceneDelegate.swift */; };
		5FFABFAE276607AC002DCC2F /* ViewController.swift in Sources */ = {isa = PBXBuildFile; fileRef = 5FFABFAD276607AC002DCC2F /* ViewController.swift */; };
		5FFABFB1276607AC002DCC2F /* Main.storyboard in Resources */ = {isa = PBXBuildFile; fileRef = 5FFABFAF276607AC002DCC2F /* Main.storyboard */; };
		5FFABFB3276607B6002DCC2F /* Assets.xcassets in Resources */ = {isa = PBXBuildFile; fileRef = 5FFABFB2276607B6002DCC2F /* Assets.xcassets */; };
		5FFABFB6276607B6002DCC2F /* LaunchScreen.storyboard in Resources */ = {isa = PBXBuildFile; fileRef = 5FFABFB4276607B6002DCC2F /* LaunchScreen.storyboard */; };
		5FFABFC1276607B8002DCC2F /* Rainbow_RoadTests.swift in Sources */ = {isa = PBXBuildFile; fileRef = 5FFABFC0276607B8002DCC2F /* Rainbow_RoadTests.swift */; };
		5FFABFCB276607B8002DCC2F /* Rainbow_RoadUITests.swift in Sources */ = {isa = PBXBuildFile; fileRef = 5FFABFCA276607B8002DCC2F /* Rainbow_RoadUITests.swift */; };
		5FFABFCD276607B8002DCC2F /* Rainbow_RoadUITestsLaunchTests.swift in Sources */ = {isa = PBXBuildFile; fileRef = 5FFABFCC276607B8002DCC2F /* Rainbow_RoadUITestsLaunchTests.swift */; };
/* End PBXBuildFile section */

/* Begin PBXContainerItemProxy section */
		5FFABFBD276607B8002DCC2F /* PBXContainerItemProxy */ = {
			isa = PBXContainerItemProxy;
			containerPortal = 5FFABF9E276607AB002DCC2F /* Project object */;
			proxyType = 1;
			remoteGlobalIDString = 5FFABFA5276607AC002DCC2F;
			remoteInfo = "Rainbow Road";
		};
		5FFABFC7276607B8002DCC2F /* PBXContainerItemProxy */ = {
			isa = PBXContainerItemProxy;
			containerPortal = 5FFABF9E276607AB002DCC2F /* Project object */;
			proxyType = 1;
			remoteGlobalIDString = 5FFABFA5276607AC002DCC2F;
			remoteInfo = "Rainbow Road";
		};
/* End PBXContainerItemProxy section */

/* Begin PBXFileReference section */
		5FFABFA6276607AC002DCC2F /* Rainbow Road.app */ = {isa = PBXFileReference; explicitFileType = wrapper.application; includeInIndex = 0; path = "Rainbow Road.app"; sourceTree = BUILT_PRODUCTS_DIR; };
		5FFABFA9276607AC002DCC2F /* AppDelegate.swift */ = {isa = PBXFileReference; lastKnownFileType = sourcecode.swift; path = AppDelegate.swift; sourceTree = "<group>"; };
		5FFABFAB276607AC002DCC2F /* SceneDelegate.swift */ = {isa = PBXFileReference; lastKnownFileType = sourcecode.swift; path = SceneDelegate.swift; sourceTree = "<group>"; };
		5FFABFAD276607AC002DCC2F /* ViewController.swift */ = {isa = PBXFileReference; lastKnownFileType = sourcecode.swift; path = ViewController.swift; sourceTree = "<group>"; };
		5FFABFB0276607AC002DCC2F /* Base */ = {isa = PBXFileReference; lastKnownFileType = file.storyboard; name = Base; path = Base.lproj/Main.storyboard; sourceTree = "<group>"; };
		5FFABFB2276607B6002DCC2F /* Assets.xcassets */ = {isa = PBXFileReference; lastKnownFileType = folder.assetcatalog; path = Assets.xcassets; sourceTree = "<group>"; };
		5FFABFB5276607B6002DCC2F /* Base */ = {isa = PBXFileReference; lastKnownFileType = file.storyboard; name = Base; path = Base.lproj/LaunchScreen.storyboard; sourceTree = "<group>"; };
		5FFABFB7276607B6002DCC2F /* Info.plist */ = {isa = PBXFileReference; lastKnownFileType = text.plist.xml; path = Info.plist; sourceTree = "<group>"; };
		5FFABFBC276607B8002DCC2F /* Rainbow RoadTests.xctest */ = {isa = PBXFileReference; explicitFileType = wrapper.cfbundle; includeInIndex = 0; path = "Rainbow RoadTests.xctest"; sourceTree = BUILT_PRODUCTS_DIR; };
		5FFABFC0276607B8002DCC2F /* Rainbow_RoadTests.swift */ = {isa = PBXFileReference; lastKnownFileType = sourcecode.swift; path = Rainbow_RoadTests.swift; sourceTree = "<group>"; };
		5FFABFC6276607B8002DCC2F /* Rainbow RoadUITests.xctest */ = {isa = PBXFileReference; explicitFileType = wrapper.cfbundle; includeInIndex = 0; path = "Rainbow RoadUITests.xctest"; sourceTree = BUILT_PRODUCTS_DIR; };
		5FFABFCA276607B8002DCC2F /* Rainbow_RoadUITests.swift */ = {isa = PBXFileReference; lastKnownFileType = sourcecode.swift; path = Rainbow_RoadUITests.swift; sourceTree = "<group>"; };
		5FFABFCC276607B8002DCC2F /* Rainbow_RoadUITestsLaunchTests.swift */ = {isa = PBXFileReference; lastKnownFileType = sourcecode.swift; path = Rainbow_RoadUITestsLaunchTests.swift; sourceTree = "<group>"; };
/* End PBXFileReference section */

/* Begin PBXFrameworksBuildPhase section */
		5FFABFA3276607AC002DCC2F /* Frameworks */ = {
			isa = PBXFrameworksBuildPhase;
			buildActionMask = 2147483647;
			files = (
			);
			runOnlyForDeploymentPostprocessing = 0;
		};
		5FFABFB9276607B8002DCC2F /* Frameworks */ = {
			isa = PBXFrameworksBuildPhase;
			buildActionMask = 2147483647;
			files = (
			);
			runOnlyForDeploymentPostprocessing = 0;
		};
		5FFABFC3276607B8002DCC2F /* Frameworks */ = {
			isa = PBXFrameworksBuildPhase;
			buildActionMask = 2147483647;
			files = (
			);
			runOnlyForDeploymentPostprocessing = 0;
		};
/* End PBXFrameworksBuildPhase section */

/* Begin PBXGroup section */
		5FFABF9D276607AB002DCC2F = {
			isa = PBXGroup;
			children = (
				5FFABFA8276607AC002DCC2F /* Rainbow Road */,
				5FFABFBF276607B8002DCC2F /* Rainbow RoadTests */,
				5FFABFC9276607B8002DCC2F /* Rainbow RoadUITests */,
				5FFABFA7276607AC002DCC2F /* Products */,
			);
			sourceTree = "<group>";
		};
		5FFABFA7276607AC002DCC2F /* Products */ = {
			isa = PBXGroup;
			children = (
				5FFABFA6276607AC002DCC2F /* Rainbow Road.app */,
				5FFABFBC276607B8002DCC2F /* Rainbow RoadTests.xctest */,
				5FFABFC6276607B8002DCC2F /* Rainbow RoadUITests.xctest */,
			);
			name = Products;
			sourceTree = "<group>";
		};
		5FFABFA8276607AC002DCC2F /* Rainbow Road */ = {
			isa = PBXGroup;
			children = (
				5FFABFA9276607AC002DCC2F /* AppDelegate.swift */,
				5FFABFAB276607AC002DCC2F /* SceneDelegate.swift */,
				5FFABFAD276607AC002DCC2F /* ViewController.swift */,
				5FFABFAF276607AC002DCC2F /* Main.storyboard */,
				5FFABFB2276607B6002DCC2F /* Assets.xcassets */,
				5FFABFB4276607B6002DCC2F /* LaunchScreen.storyboard */,
				5FFABFB7276607B6002DCC2F /* Info.plist */,
			);
			path = "Rainbow Road";
			sourceTree = "<group>";
		};
		5FFABFBF276607B8002DCC2F /* Rainbow RoadTests */ = {
			isa = PBXGroup;
			children = (
				5FFABFC0276607B8002DCC2F /* Rainbow_RoadTests.swift */,
			);
			path = "Rainbow RoadTests";
			sourceTree = "<group>";
		};
		5FFABFC9276607B8002DCC2F /* Rainbow RoadUITests */ = {
			isa = PBXGroup;
			children = (
				5FFABFCA276607B8002DCC2F /* Rainbow_RoadUITests.swift */,
				5FFABFCC276607B8002DCC2F /* Rainbow_RoadUITestsLaunchTests.swift */,
			);
			path = "Rainbow RoadUITests";
			sourceTree = "<group>";
		};
/* End PBXGroup section */

/* Begin PBXNativeTarget section */
		5FFABFA5276607AC002DCC2F /* Rainbow Road */ = {
			isa = PBXNativeTarget;
			buildConfigurationList = 5FFABFD0276607B8002DCC2F /* Build configuration list for PBXNativeTarget "Rainbow Road" */;
			buildPhases = (
				5FFABFA2276607AC002DCC2F /* Sources */,
				5FFABFA3276607AC002DCC2F /* Frameworks */,
				5FFABFA4276607AC002DCC2F /* Resources */,
			);
			buildRules = (
			);
			dependencies = (
			);
			name = "Rainbow Road";
			productName = "Rainbow Road";
			productReference = 5FFABFA6276607AC002DCC2F /* Rainbow Road.app */;
			productType = "com.apple.product-type.application";
		};
		5FFABFBB276607B8002DCC2F /* Rainbow RoadTests */ = {
			isa = PBXNativeTarget;
			buildConfigurationList = 5FFABFD3276607B8002DCC2F /* Build configuration list for PBXNativeTarget "Rainbow RoadTests" */;
			buildPhases = (
				5FFABFB8276607B8002DCC2F /* Sources */,
				5FFABFB9276607B8002DCC2F /* Frameworks */,
				5FFABFBA276607B8002DCC2F /* Resources */,
			);
			buildRules = (
			);
			dependencies = (
				5FFABFBE276607B8002DCC2F /* PBXTargetDependency */,
			);
			name = "Rainbow RoadTests";
			productName = "Rainbow RoadTests";
			productReference = 5FFABFBC276607B8002DCC2F /* Rainbow RoadTests.xctest */;
			productType = "com.apple.product-type.bundle.unit-test";
		};
		5FFABFC5276607B8002DCC2F /* Rainbow RoadUITests */ = {
			isa = PBXNativeTarget;
			buildConfigurationList = 5FFABFD6276607B8002DCC2F /* Build configuration list for PBXNativeTarget "Rainbow RoadUITests" */;
			buildPhases = (
				5FFABFC2276607B8002DCC2F /* Sources */,
				5FFABFC3276607B8002DCC2F /* Frameworks */,
				5FFABFC4276607B8002DCC2F /* Resources */,
			);
			buildRules = (
			);
			dependencies = (
				5FFABFC8276607B8002DCC2F /* PBXTargetDependency */,
			);
			name = "Rainbow RoadUITests";
			productName = "Rainbow RoadUITests";
			productReference = 5FFABFC6276607B8002DCC2F /* Rainbow RoadUITests.xctest */;
			productType = "com.apple.product-type.bundle.ui-testing";
		};
/* End PBXNativeTarget section */

/* Begin PBXProject section */
		5FFABF9E276607AB002DCC2F /* Project object */ = {
			isa = PBXProject;
			attributes = {
				BuildIndependentTargetsInParallel = 1;
				LastSwiftUpdateCheck = 1310;
				LastUpgradeCheck = 1310;
				TargetAttributes = {
					5FFABFA5276607AC002DCC2F = {
						CreatedOnToolsVersion = 13.1;
					};
					5FFABFBB276607B8002DCC2F = {
						CreatedOnToolsVersion = 13.1;
						TestTargetID = 5FFABFA5276607AC002DCC2F;
					};
					5FFABFC5276607B8002DCC2F = {
						CreatedOnToolsVersion = 13.1;
						TestTargetID = 5FFABFA5276607AC002DCC2F;
					};
				};
			};
			buildConfigurationList = 5FFABFA1276607AB002DCC2F /* Build configuration list for PBXProject "Rainbow Road" */;
			compatibilityVersion = "Xcode 13.0";
			developmentRegion = en;
			hasScannedForEncodings = 0;
			knownRegions = (
				en,
				Base,
			);
			mainGroup = 5FFABF9D276607AB002DCC2F;
			productRefGroup = 5FFABFA7276607AC002DCC2F /* Products */;
			projectDirPath = "";
			projectRoot = "";
			targets = (
				5FFABFA5276607AC002DCC2F /* Rainbow Road */,
				5FFABFBB276607B8002DCC2F /* Rainbow RoadTests */,
				5FFABFC5276607B8002DCC2F /* Rainbow RoadUITests */,
			);
		};
/* End PBXProject section */

/* Begin PBXResourcesBuildPhase section */
		5FFABFA4276607AC002DCC2F /* Resources */ = {
			isa = PBXResourcesBuildPhase;
			buildActionMask = 2147483647;
			files = (
				5FFABFB6276607B6002DCC2F /* LaunchScreen.storyboard in Resources */,
				5FFABFB3276607B6002DCC2F /* Assets.xcassets in Resources */,
				5FFABFB1276607AC002DCC2F /* Main.storyboard in Resources */,
			);
			runOnlyForDeploymentPostprocessing = 0;
		};
		5FFABFBA276607B8002DCC2F /* Resources */ = {
			isa = PBXResourcesBuildPhase;
			buildActionMask = 2147483647;
			files = (
			);
			runOnlyForDeploymentPostprocessing = 0;
		};
		5FFABFC4276607B8002DCC2F /* Resources */ = {
			isa = PBXResourcesBuildPhase;
			buildActionMask = 2147483647;
			files = (
			);
			runOnlyForDeploymentPostprocessing = 0;
		};
/* End PBXResourcesBuildPhase section */

/* Begin PBXSourcesBuildPhase section */
		5FFABFA2276607AC002DCC2F /* Sources */ = {
			isa = PBXSourcesBuildPhase;
			buildActionMask = 2147483647;
			files = (
				5FFABFAE276607AC002DCC2F /* ViewController.swift in Sources */,
				5FFABFAA276607AC002DCC2F /* AppDelegate.swift in Sources */,
				5FFABFAC276607AC002DCC2F /* SceneDelegate.swift in Sources */,
			);
			runOnlyForDeploymentPostprocessing = 0;
		};
		5FFABFB8276607B8002DCC2F /* Sources */ = {
			isa = PBXSourcesBuildPhase;
			buildActionMask = 2147483647;
			files = (
				5FFABFC1276607B8002DCC2F /* Rainbow_RoadTests.swift in Sources */,
			);
			runOnlyForDeploymentPostprocessing = 0;
		};
		5FFABFC2276607B8002DCC2F /* Sources */ = {
			isa = PBXSourcesBuildPhase;
			buildActionMask = 2147483647;
			files = (
				5FFABFCB276607B8002DCC2F /* Rainbow_RoadUITests.swift in Sources */,
				5FFABFCD276607B8002DCC2F /* Rainbow_RoadUITestsLaunchTests.swift in Sources */,
			);
			runOnlyForDeploymentPostprocessing = 0;
		};
/* End PBXSourcesBuildPhase section */

/* Begin PBXTargetDependency section */
		5FFABFBE276607B8002DCC2F /* PBXTargetDependency */ = {
			isa = PBXTargetDependency;
			target = 5FFABFA5276607AC002DCC2F /* Rainbow Road */;
			targetProxy = 5FFABFBD276607B8002DCC2F /* PBXContainerItemProxy */;
		};
		5FFABFC8276607B8002DCC2F /* PBXTargetDependency */ = {
			isa = PBXTargetDependency;
			target = 5FFABFA5276607AC002DCC2F /* Rainbow Road */;
			targetProxy = 5FFABFC7276607B8002DCC2F /* PBXContainerItemProxy */;
		};
/* End PBXTargetDependency section */

/* Begin PBXVariantGroup section */
		5FFABFAF276607AC002DCC2F /* Main.storyboard */ = {
			isa = PBXVariantGroup;
			children = (
				5FFABFB0276607AC002DCC2F /* Base */,
			);
			name = Main.storyboard;
			sourceTree = "<group>";
		};
		5FFABFB4276607B6002DCC2F /* LaunchScreen.storyboard */ = {
			isa = PBXVariantGroup;
			children = (
				5FFABFB5276607B6002DCC2F /* Base */,
			);
			name = LaunchScreen.storyboard;
			sourceTree = "<group>";
		};
/* End PBXVariantGroup section */

/* Begin XCBuildConfiguration section */
		5FFABFCE276607B8002DCC2F /* Debug */ = {
			isa = XCBuildConfiguration;
			buildSettings = {
				ALWAYS_SEARCH_USER_PATHS = NO;
				CLANG_ANALYZER_NONNULL = YES;
				CLANG_ANALYZER_NUMBER_OBJECT_CONVERSION = YES_AGGRESSIVE;
				CLANG_CXX_LANGUAGE_STANDARD = "gnu++17";
				CLANG_CXX_LIBRARY = "libc++";
				CLANG_ENABLE_MODULES = YES;
				CLANG_ENABLE_OBJC_ARC = YES;
				CLANG_ENABLE_OBJC_WEAK = YES;
				CLANG_WARN_BLOCK_CAPTURE_AUTORELEASING = YES;
				CLANG_WARN_BOOL_CONVERSION = YES;
				CLANG_WARN_COMMA = YES;
				CLANG_WARN_CONSTANT_CONVERSION = YES;
				CLANG_WARN_DEPRECATED_OBJC_IMPLEMENTATIONS = YES;
				CLANG_WARN_DIRECT_OBJC_ISA_USAGE = YES_ERROR;
				CLANG_WARN_DOCUMENTATION_COMMENTS = YES;
				CLANG_WARN_EMPTY_BODY = YES;
				CLANG_WARN_ENUM_CONVERSION = YES;
				CLANG_WARN_INFINITE_RECURSION = YES;
				CLANG_WARN_INT_CONVERSION = YES;
				CLANG_WARN_NON_LITERAL_NULL_CONVERSION = YES;
				CLANG_WARN_OBJC_IMPLICIT_RETAIN_SELF = YES;
				CLANG_WARN_OBJC_LITERAL_CONVERSION = YES;
				CLANG_WARN_OBJC_ROOT_CLASS = YES_ERROR;
				CLANG_WARN_QUOTED_INCLUDE_IN_FRAMEWORK_HEADER = YES;
				CLANG_WARN_RANGE_LOOP_ANALYSIS = YES;
				CLANG_WARN_STRICT_PROTOTYPES = YES;
				CLANG_WARN_SUSPICIOUS_MOVE = YES;
				CLANG_WARN_UNGUARDED_AVAILABILITY = YES_AGGRESSIVE;
				CLANG_WARN_UNREACHABLE_CODE = YES;
				CLANG_WARN__DUPLICATE_METHOD_MATCH = YES;
				COPY_PHASE_STRIP = NO;
				DEBUG_INFORMATION_FORMAT = dwarf;
				ENABLE_STRICT_OBJC_MSGSEND = YES;
				ENABLE_TESTABILITY = YES;
				GCC_C_LANGUAGE_STANDARD = gnu11;
				GCC_DYNAMIC_NO_PIC = NO;
				GCC_NO_COMMON_BLOCKS = YES;
				GCC_OPTIMIZATION_LEVEL = 0;
				GCC_PREPROCESSOR_DEFINITIONS = (
					"DEBUG=1",
					"$(inherited)",
				);
				GCC_WARN_64_TO_32_BIT_CONVERSION = YES;
				GCC_WARN_ABOUT_RETURN_TYPE = YES_ERROR;
				GCC_WARN_UNDECLARED_SELECTOR = YES;
				GCC_WARN_UNINITIALIZED_AUTOS = YES_AGGRESSIVE;
				GCC_WARN_UNUSED_FUNCTION = YES;
				GCC_WARN_UNUSED_VARIABLE = YES;
				IPHONEOS_DEPLOYMENT_TARGET = 15.0;
				MTL_ENABLE_DEBUG_INFO = INCLUDE_SOURCE;
				MTL_FAST_MATH = YES;
				ONLY_ACTIVE_ARCH = YES;
				SDKROOT = iphoneos;
				SWIFT_ACTIVE_COMPILATION_CONDITIONS = DEBUG;
				SWIFT_OPTIMIZATION_LEVEL = "-Onone";
			};
			name = Debug;
		};
		5FFABFCF276607B8002DCC2F /* Release */ = {
			isa = XCBuildConfiguration;
			buildSettings = {
				ALWAYS_SEARCH_USER_PATHS = NO;
				CLANG_ANALYZER_NONNULL = YES;
				CLANG_ANALYZER_NUMBER_OBJECT_CONVERSION = YES_AGGRESSIVE;
				CLANG_CXX_LANGUAGE_STANDARD = "gnu++17";
				CLANG_CXX_LIBRARY = "libc++";
				CLANG_ENABLE_MODULES = YES;
				CLANG_ENABLE_OBJC_ARC = YES;
				CLANG_ENABLE_OBJC_WEAK = YES;
				CLANG_WARN_BLOCK_CAPTURE_AUTORELEASING = YES;
				CLANG_WARN_BOOL_CONVERSION = YES;
				CLANG_WARN_COMMA = YES;
				CLANG_WARN_CONSTANT_CONVERSION = YES;
				CLANG_WARN_DEPRECATED_OBJC_IMPLEMENTATIONS = YES;
				CLANG_WARN_DIRECT_OBJC_ISA_USAGE = YES_ERROR;
				CLANG_WARN_DOCUMENTATION_COMMENTS = YES;
				CLANG_WARN_EMPTY_BODY = YES;
				CLANG_WARN_ENUM_CONVERSION = YES;
				CLANG_WARN_INFINITE_RECURSION = YES;
				CLANG_WARN_INT_CONVERSION = YES;
				CLANG_WARN_NON_LITERAL_NULL_CONVERSION = YES;
				CLANG_WARN_OBJC_IMPLICIT_RETAIN_SELF = YES;
				CLANG_WARN_OBJC_LITERAL_CONVERSION = YES;
				CLANG_WARN_OBJC_ROOT_CLASS = YES_ERROR;
				CLANG_WARN_QUOTED_INCLUDE_IN_FRAMEWORK_HEADER = YES;
				CLANG_WARN_RANGE_LOOP_ANALYSIS = YES;
				CLANG_WARN_STRICT_PROTOTYPES = YES;
				CLANG_WARN_SUSPICIOUS_MOVE = YES;
				CLANG_WARN_UNGUARDED_AVAILABILITY = YES_AGGRESSIVE;
				CLANG_WARN_UNREACHABLE_CODE = YES;
				CLANG_WARN__DUPLICATE_METHOD_MATCH = YES;
				COPY_PHASE_STRIP = NO;
				DEBUG_INFORMATION_FORMAT = "dwarf-with-dsym";
				ENABLE_NS_ASSERTIONS = NO;
				ENABLE_STRICT_OBJC_MSGSEND = YES;
				GCC_C_LANGUAGE_STANDARD = gnu11;
				GCC_NO_COMMON_BLOCKS = YES;
				GCC_WARN_64_TO_32_BIT_CONVERSION = YES;
				GCC_WARN_ABOUT_RETURN_TYPE = YES_ERROR;
				GCC_WARN_UNDECLARED_SELECTOR = YES;
				GCC_WARN_UNINITIALIZED_AUTOS = YES_AGGRESSIVE;
				GCC_WARN_UNUSED_FUNCTION = YES;
				GCC_WARN_UNUSED_VARIABLE = YES;
				IPHONEOS_DEPLOYMENT_TARGET = 15.0;
				MTL_ENABLE_DEBUG_INFO = NO;
				MTL_FAST_MATH = YES;
				SDKROOT = iphoneos;
				SWIFT_COMPILATION_MODE = wholemodule;
				SWIFT_OPTIMIZATION_LEVEL = "-O";
				VALIDATE_PRODUCT = YES;
			};
			name = Release;
		};
		5FFABFD1276607B8002DCC2F /* Debug */ = {
			isa = XCBuildConfiguration;
			buildSettings = {
				ASSETCATALOG_COMPILER_APPICON_NAME = AppIcon;
				ASSETCATALOG_COMPILER_GLOBAL_ACCENT_COLOR_NAME = AccentColor;
				CODE_SIGN_STYLE = Automatic;
				CURRENT_PROJECT_VERSION = 1;
				GENERATE_INFOPLIST_FILE = YES;
				INFOPLIST_FILE = "Rainbow Road/Info.plist";
				INFOPLIST_KEY_UIApplicationSupportsIndirectInputEvents = YES;
				INFOPLIST_KEY_UILaunchStoryboardName = LaunchScreen;
				INFOPLIST_KEY_UIMainStoryboardFile = Main;
				INFOPLIST_KEY_UISupportedInterfaceOrientations_iPad = "UIInterfaceOrientationPortrait UIInterfaceOrientationPortraitUpsideDown UIInterfaceOrientationLandscapeLeft UIInterfaceOrientationLandscapeRight";
				INFOPLIST_KEY_UISupportedInterfaceOrientations_iPhone = "UIInterfaceOrientationPortrait UIInterfaceOrientationLandscapeLeft UIInterfaceOrientationLandscapeRight";
				LD_RUNPATH_SEARCH_PATHS = (
					"$(inherited)",
					"@executable_path/Frameworks",
				);
				MARKETING_VERSION = 1.0;
				PRODUCT_BUNDLE_IDENTIFIER = "lamia.Rainbow-Road";
				PRODUCT_NAME = "$(TARGET_NAME)";
				SWIFT_EMIT_LOC_STRINGS = YES;
				SWIFT_VERSION = 5.0;
				TARGETED_DEVICE_FAMILY = "1,2";
			};
			name = Debug;
		};
		5FFABFD2276607B8002DCC2F /* Release */ = {
			isa = XCBuildConfiguration;
			buildSettings = {
				ASSETCATALOG_COMPILER_APPICON_NAME = AppIcon;
				ASSETCATALOG_COMPILER_GLOBAL_ACCENT_COLOR_NAME = AccentColor;
				CODE_SIGN_STYLE = Automatic;
				CURRENT_PROJECT_VERSION = 1;
				GENERATE_INFOPLIST_FILE = YES;
				INFOPLIST_FILE = "Rainbow Road/Info.plist";
				INFOPLIST_KEY_UIApplicationSupportsIndirectInputEvents = YES;
				INFOPLIST_KEY_UILaunchStoryboardName = LaunchScreen;
				INFOPLIST_KEY_UIMainStoryboardFile = Main;
				INFOPLIST_KEY_UISupportedInterfaceOrientations_iPad = "UIInterfaceOrientationPortrait UIInterfaceOrientationPortraitUpsideDown UIInterfaceOrientationLandscapeLeft UIInterfaceOrientationLandscapeRight";
				INFOPLIST_KEY_UISupportedInterfaceOrientations_iPhone = "UIInterfaceOrientationPortrait UIInterfaceOrientationLandscapeLeft UIInterfaceOrientationLandscapeRight";
				LD_RUNPATH_SEARCH_PATHS = (
					"$(inherited)",
					"@executable_path/Frameworks",
				);
				MARKETING_VERSION = 1.0;
				PRODUCT_BUNDLE_IDENTIFIER = "lamia.Rainbow-Road";
				PRODUCT_NAME = "$(TARGET_NAME)";
				SWIFT_EMIT_LOC_STRINGS = YES;
				SWIFT_VERSION = 5.0;
				TARGETED_DEVICE_FAMILY = "1,2";
			};
			name = Release;
		};
		5FFABFD4276607B8002DCC2F /* Debug */ = {
			isa = XCBuildConfiguration;
			buildSettings = {
				ALWAYS_EMBED_SWIFT_STANDARD_LIBRARIES = YES;
				BUNDLE_LOADER = "$(TEST_HOST)";
				CODE_SIGN_STYLE = Automatic;
				CURRENT_PROJECT_VERSION = 1;
				GENERATE_INFOPLIST_FILE = YES;
				IPHONEOS_DEPLOYMENT_TARGET = 15.0;
				LD_RUNPATH_SEARCH_PATHS = (
					"$(inherited)",
					"@executable_path/Frameworks",
					"@loader_path/Frameworks",
				);
				MARKETING_VERSION = 1.0;
				PRODUCT_BUNDLE_IDENTIFIER = "lamia.Rainbow-RoadTests";
				PRODUCT_NAME = "$(TARGET_NAME)";
				SWIFT_EMIT_LOC_STRINGS = NO;
				SWIFT_VERSION = 5.0;
				TARGETED_DEVICE_FAMILY = "1,2";
				TEST_HOST = "$(BUILT_PRODUCTS_DIR)/Rainbow Road.app/Rainbow Road";
			};
			name = Debug;
		};
		5FFABFD5276607B8002DCC2F /* Release */ = {
			isa = XCBuildConfiguration;
			buildSettings = {
				ALWAYS_EMBED_SWIFT_STANDARD_LIBRARIES = YES;
				BUNDLE_LOADER = "$(TEST_HOST)";
				CODE_SIGN_STYLE = Automatic;
				CURRENT_PROJECT_VERSION = 1;
				GENERATE_INFOPLIST_FILE = YES;
				IPHONEOS_DEPLOYMENT_TARGET = 15.0;
				LD_RUNPATH_SEARCH_PATHS = (
					"$(inherited)",
					"@executable_path/Frameworks",
					"@loader_path/Frameworks",
				);
				MARKETING_VERSION = 1.0;
				PRODUCT_BUNDLE_IDENTIFIER = "lamia.Rainbow-RoadTests";
				PRODUCT_NAME = "$(TARGET_NAME)";
				SWIFT_EMIT_LOC_STRINGS = NO;
				SWIFT_VERSION = 5.0;
				TARGETED_DEVICE_FAMILY = "1,2";
				TEST_HOST = "$(BUILT_PRODUCTS_DIR)/Rainbow Road.app/Rainbow Road";
			};
			name = Release;
		};
		5FFABFD7276607B8002DCC2F /* Debug */ = {
			isa = XCBuildConfiguration;
			buildSettings = {
				ALWAYS_EMBED_SWIFT_STANDARD_LIBRARIES = YES;
				CODE_SIGN_STYLE = Automatic;
				CURRENT_PROJECT_VERSION = 1;
				GENERATE_INFOPLIST_FILE = YES;
				LD_RUNPATH_SEARCH_PATHS = (
					"$(inherited)",
					"@executable_path/Frameworks",
					"@loader_path/Frameworks",
				);
				MARKETING_VERSION = 1.0;
				PRODUCT_BUNDLE_IDENTIFIER = "lamia.Rainbow-RoadUITests";
				PRODUCT_NAME = "$(TARGET_NAME)";
				SWIFT_EMIT_LOC_STRINGS = NO;
				SWIFT_VERSION = 5.0;
				TARGETED_DEVICE_FAMILY = "1,2";
				TEST_TARGET_NAME = "Rainbow Road";
			};
			name = Debug;
		};
		5FFABFD8276607B8002DCC2F /* Release */ = {
			isa = XCBuildConfiguration;
			buildSettings = {
				ALWAYS_EMBED_SWIFT_STANDARD_LIBRARIES = YES;
				CODE_SIGN_STYLE = Automatic;
				CURRENT_PROJECT_VERSION = 1;
				GENERATE_INFOPLIST_FILE = YES;
				LD_RUNPATH_SEARCH_PATHS = (
					"$(inherited)",
					"@executable_path/Frameworks",
					"@loader_path/Frameworks",
				);
				MARKETING_VERSION = 1.0;
				PRODUCT_BUNDLE_IDENTIFIER = "lamia.Rainbow-RoadUITests";
				PRODUCT_NAME = "$(TARGET_NAME)";
				SWIFT_EMIT_LOC_STRINGS = NO;
				SWIFT_VERSION = 5.0;
				TARGETED_DEVICE_FAMILY = "1,2";
				TEST_TARGET_NAME = "Rainbow Road";
			};
			name = Release;
		};
/* End XCBuildConfiguration section */

/* Begin XCConfigurationList section */
		5FFABFA1276607AB002DCC2F /* Build configuration list for PBXProject "Rainbow Road" */ = {
			isa = XCConfigurationList;
			buildConfigurations = (
				5FFABFCE276607B8002DCC2F /* Debug */,
				5FFABFCF276607B8002DCC2F /* Release */,
			);
			defaultConfigurationIsVisible = 0;
			defaultConfigurationName = Release;
		};
		5FFABFD0276607B8002DCC2F /* Build configuration list for PBXNativeTarget "Rainbow Road" */ = {
			isa = XCConfigurationList;
			buildConfigurations = (
				5FFABFD1276607B8002DCC2F /* Debug */,
				5FFABFD2276607B8002DCC2F /* Release */,
			);
			defaultConfigurationIsVisible = 0;
			defaultConfigurationName = Release;
		};
		5FFABFD3276607B8002DCC2F /* Build configuration list for PBXNativeTarget "Rainbow RoadTests" */ = {
			isa = XCConfigurationList;
			buildConfigurations = (
				5FFABFD4276607B8002DCC2F /* Debug */,
				5FFABFD5276607B8002DCC2F /* Release */,
			);
			defaultConfigurationIsVisible = 0;
			defaultConfigurationName = Release;
		};
		5FFABFD6276607B8002DCC2F /* Build configuration list for PBXNativeTarget "Rainbow RoadUITests" */ = {
			isa = XCConfigurationList;
			buildConfigurations = (
				5FFABFD7276607B8002DCC2F /* Debug */,
				5FFABFD8276607B8002DCC2F /* Release */,
			);
			defaultConfigurationIsVisible = 0;
			defaultConfigurationName = Release;
		};
/* End XCConfigurationList section */
	};
	rootObject = 5FFABF9E276607AB002DCC2F /* Project object */;
}
